
Microsoft Visual Studio Solution File, Format Version 12.00
# Visual Studio 15
VisualStudioVersion = 15.0.28307.168
MinimumVisualStudioVersion = 10.0.40219.1
Project("{FAE04EC0-301F-11D3-BF4B-00C04F79EFBC}") = "Practical_Work_on_Module_9", "Practical_Work_on_Module_9\Practical_Work_on_Module_9.csproj", "{9E105B44-DC9B-4757-9668-DEA40DC79308}"
EndProject
Global
	GlobalSection(SolutionConfigurationPlatforms) = preSolution
		Debug|Any CPU = Debug|Any CPU
		Release|Any CPU = Release|Any CPU
	EndGlobalSection
	GlobalSection(ProjectConfigurationPlatforms) = postSolution
		{9E105B44-DC9B-4757-9668-DEA40DC79308}.Debug|Any CPU.ActiveCfg = Debug|Any CPU
		{9E105B44-DC9B-4757-9668-DEA40DC79308}.Debug|Any CPU.Build.0 = Debug|Any CPU
		{9E105B44-DC9B-4757-9668-DEA40DC79308}.Release|Any CPU.ActiveCfg = Release|Any CPU
		{9E105B44-DC9B-4757-9668-DEA40DC79308}.Release|Any CPU.Build.0 = Release|Any CPU
	EndGlobalSection
	GlobalSection(SolutionProperties) = preSolution
		HideSolutionNode = FALSE
	EndGlobalSection
	GlobalSection(ExtensibilityGlobals) = postSolution
		SolutionGuid = {F7DA4092-B6A6-499D-BBEB-F5D61EAD876B}
	EndGlobalSection
EndGlobal
